// !$*UTF8*$!
{
	archiveVersion = 1;
	classes = {
	};
	objectVersion = 77;
	objects = {

/* Begin PBXBuildFile section */
		0B91F2C42F36A2FC003F33AC /* WidgetKit.framework in Frameworks */ = {isa = PBXBuildFile; fileRef = 0B91F2C32F36A2FC003F33AC /* WidgetKit.framework */; };
		0B91F2C62F36A2FC003F33AC /* SwiftUI.framework in Frameworks */ = {isa = PBXBuildFile; fileRef = 0B91F2C52F36A2FC003F33AC /* SwiftUI.framework */; };
		0B91F2D72F36A2FD003F33AC /* kartoncheWidgetExtension.appex in Embed Foundation Extensions */ = {isa = PBXBuildFile; fileRef = 0B91F2C12F36A2FC003F33AC /* kartoncheWidgetExtension.appex */; settings = {ATTRIBUTES = (RemoveHeadersOnCopy, ); }; };
/* End PBXBuildFile section */

/* Begin PBXContainerItemProxy section */
		0B5B57B72F33F2C9005DCCA8 /* PBXContainerItemProxy */ = {
			isa = PBXContainerItemProxy;
			containerPortal = 0B5B579F2F33F2C8005DCCA8 /* Project object */;
			proxyType = 1;
			remoteGlobalIDString = 0B5B57A62F33F2C8005DCCA8;
			remoteInfo = kartonche;
		};
		0B5B57C12F33F2C9005DCCA8 /* PBXContainerItemProxy */ = {
			isa = PBXContainerItemProxy;
			containerPortal = 0B5B579F2F33F2C8005DCCA8 /* Project object */;
			proxyType = 1;
			remoteGlobalIDString = 0B5B57A62F33F2C8005DCCA8;
			remoteInfo = kartonche;
		};
		0B91F2D52F36A2FD003F33AC /* PBXContainerItemProxy */ = {
			isa = PBXContainerItemProxy;
			containerPortal = 0B5B579F2F33F2C8005DCCA8 /* Project object */;
			proxyType = 1;
			remoteGlobalIDString = 0B91F2C02F36A2FC003F33AC;
			remoteInfo = kartoncheWidgetExtension;
		};
/* End PBXContainerItemProxy section */

/* Begin PBXCopyFilesBuildPhase section */
		0B91F2DC2F36A2FD003F33AC /* Embed Foundation Extensions */ = {
			isa = PBXCopyFilesBuildPhase;
			buildActionMask = 2147483647;
			dstPath = "";
			dstSubfolderSpec = 13;
			files = (
				0B91F2D72F36A2FD003F33AC /* kartoncheWidgetExtension.appex in Embed Foundation Extensions */,
			);
			name = "Embed Foundation Extensions";
			runOnlyForDeploymentPostprocessing = 0;
		};
/* End PBXCopyFilesBuildPhase section */

/* Begin PBXFileReference section */
		0B5B57A72F33F2C8005DCCA8 /* kartonche.app */ = {isa = PBXFileReference; explicitFileType = wrapper.application; includeInIndex = 0; path = kartonche.app; sourceTree = BUILT_PRODUCTS_DIR; };
		0B5B57B62F33F2C9005DCCA8 /* kartoncheTests.xctest */ = {isa = PBXFileReference; explicitFileType = wrapper.cfbundle; includeInIndex = 0; path = kartoncheTests.xctest; sourceTree = BUILT_PRODUCTS_DIR; };
		0B5B57C02F33F2C9005DCCA8 /* kartoncheUITests.xctest */ = {isa = PBXFileReference; explicitFileType = wrapper.cfbundle; includeInIndex = 0; path = kartoncheUITests.xctest; sourceTree = BUILT_PRODUCTS_DIR; };
		0B91F2C12F36A2FC003F33AC /* kartoncheWidgetExtension.appex */ = {isa = PBXFileReference; explicitFileType = "wrapper.app-extension"; includeInIndex = 0; path = kartoncheWidgetExtension.appex; sourceTree = BUILT_PRODUCTS_DIR; };
		0B91F2C32F36A2FC003F33AC /* WidgetKit.framework */ = {isa = PBXFileReference; lastKnownFileType = wrapper.framework; name = WidgetKit.framework; path = System/Library/Frameworks/WidgetKit.framework; sourceTree = SDKROOT; };
		0B91F2C52F36A2FC003F33AC /* SwiftUI.framework */ = {isa = PBXFileReference; lastKnownFileType = wrapper.framework; name = SwiftUI.framework; path = System/Library/Frameworks/SwiftUI.framework; sourceTree = SDKROOT; };
		0B91F2DE2F36A36A003F33AC /* kartoncheWidgetExtension.entitlements */ = {isa = PBXFileReference; lastKnownFileType = text.plist.entitlements; path = kartoncheWidgetExtension.entitlements; sourceTree = "<group>"; };
/* End PBXFileReference section */

/* Begin PBXFileSystemSynchronizedBuildFileExceptionSet section */
		0B91F2D82F36A2FD003F33AC /* Exceptions for "kartoncheWidget" folder in "kartoncheWidgetExtension" target */ = {
			isa = PBXFileSystemSynchronizedBuildFileExceptionSet;
			membershipExceptions = (
				Info.plist,
			);
			target = 0B91F2C02F36A2FC003F33AC /* kartoncheWidgetExtension */;
		};
		0B91F2E42F36A425003F33AC /* Exceptions for "kartonche" folder in "kartoncheWidgetExtension" target */ = {
			isa = PBXFileSystemSynchronizedBuildFileExceptionSet;
			membershipExceptions = (
				AppIcon.icon,
				Models/BarcodeType.swift,
				Models/CardLocation.swift,
				Models/LoyaltyCard.swift,
				Resources/Localizable.xcstrings,
				Utilities/BarcodeGenerator.swift,
				Utilities/SharedDataManager.swift,
			);
			target = 0B91F2C02F36A2FC003F33AC /* kartoncheWidgetExtension */;
		};
		0B91F2EA2F36A4FE003F33AC /* Exceptions for "kartonche" folder in "kartonche" target */ = {
			isa = PBXFileSystemSynchronizedBuildFileExceptionSet;
			membershipExceptions = (
				Info.plist,
			);
			target = 0B5B57A62F33F2C8005DCCA8 /* kartonche */;
		};
/* End PBXFileSystemSynchronizedBuildFileExceptionSet section */

/* Begin PBXFileSystemSynchronizedRootGroup section */
		0B5B57A92F33F2C8005DCCA8 /* kartonche */ = {
			isa = PBXFileSystemSynchronizedRootGroup;
			exceptions = (
				0B91F2EA2F36A4FE003F33AC /* Exceptions for "kartonche" folder in "kartonche" target */,
				0B91F2E42F36A425003F33AC /* Exceptions for "kartonche" folder in "kartoncheWidgetExtension" target */,
			);
			path = kartonche;
			sourceTree = "<group>";
		};
		0B5B57B92F33F2C9005DCCA8 /* kartoncheTests */ = {
			isa = PBXFileSystemSynchronizedRootGroup;
			path = kartoncheTests;
			sourceTree = "<group>";
		};
		0B5B57C32F33F2C9005DCCA8 /* kartoncheUITests */ = {
			isa = PBXFileSystemSynchronizedRootGroup;
			path = kartoncheUITests;
			sourceTree = "<group>";
		};
		0B91F2C72F36A2FC003F33AC /* kartoncheWidget */ = {
			isa = PBXFileSystemSynchronizedRootGroup;
			exceptions = (
				0B91F2D82F36A2FD003F33AC /* Exceptions for "kartoncheWidget" folder in "kartoncheWidgetExtension" target */,
			);
			path = kartoncheWidget;
			sourceTree = "<group>";
		};
/* End PBXFileSystemSynchronizedRootGroup section */

/* Begin PBXFrameworksBuildPhase section */
		0B5B57A42F33F2C8005DCCA8 /* Frameworks */ = {
			isa = PBXFrameworksBuildPhase;
			buildActionMask = 2147483647;
			files = (
			);
			runOnlyForDeploymentPostprocessing = 0;
		};
		0B5B57B32F33F2C9005DCCA8 /* Frameworks */ = {
			isa = PBXFrameworksBuildPhase;
			buildActionMask = 2147483647;
			files = (
			);
			runOnlyForDeploymentPostprocessing = 0;
		};
		0B5B57BD2F33F2C9005DCCA8 /* Frameworks */ = {
			isa = PBXFrameworksBuildPhase;
			buildActionMask = 2147483647;
			files = (
			);
			runOnlyForDeploymentPostprocessing = 0;
		};
		0B91F2BE2F36A2FC003F33AC /* Frameworks */ = {
			isa = PBXFrameworksBuildPhase;
			buildActionMask = 2147483647;
			files = (
				0B91F2C62F36A2FC003F33AC /* SwiftUI.framework in Frameworks */,
				0B91F2C42F36A2FC003F33AC /* WidgetKit.framework in Frameworks */,
			);
			runOnlyForDeploymentPostprocessing = 0;
		};
/* End PBXFrameworksBuildPhase section */

/* Begin PBXGroup section */
		0B5B579E2F33F2C8005DCCA8 = {
			isa = PBXGroup;
			children = (
				0B91F2DE2F36A36A003F33AC /* kartoncheWidgetExtension.entitlements */,
				0B5B57A92F33F2C8005DCCA8 /* kartonche */,
				0B5B57B92F33F2C9005DCCA8 /* kartoncheTests */,
				0B5B57C32F33F2C9005DCCA8 /* kartoncheUITests */,
				0B91F2C72F36A2FC003F33AC /* kartoncheWidget */,
				0B91F2C22F36A2FC003F33AC /* Frameworks */,
				0B5B57A82F33F2C8005DCCA8 /* Products */,
			);
			sourceTree = "<group>";
		};
		0B5B57A82F33F2C8005DCCA8 /* Products */ = {
			isa = PBXGroup;
			children = (
				0B5B57A72F33F2C8005DCCA8 /* kartonche.app */,
				0B5B57B62F33F2C9005DCCA8 /* kartoncheTests.xctest */,
				0B5B57C02F33F2C9005DCCA8 /* kartoncheUITests.xctest */,
				0B91F2C12F36A2FC003F33AC /* kartoncheWidgetExtension.appex */,
			);
			name = Products;
			sourceTree = "<group>";
		};
		0B91F2C22F36A2FC003F33AC /* Frameworks */ = {
			isa = PBXGroup;
			children = (
				0B91F2C32F36A2FC003F33AC /* WidgetKit.framework */,
				0B91F2C52F36A2FC003F33AC /* SwiftUI.framework */,
			);
			name = Frameworks;
			sourceTree = "<group>";
		};
/* End PBXGroup section */

/* Begin PBXNativeTarget section */
		0B5B57A62F33F2C8005DCCA8 /* kartonche */ = {
			isa = PBXNativeTarget;
			buildConfigurationList = 0B5B57CA2F33F2C9005DCCA8 /* Build configuration list for PBXNativeTarget "kartonche" */;
			buildPhases = (
				CACFCB9B26AE4452B717DF51 /* Generate Merchant Templates */,
				EF209ABCBA474E908D645E7E /* Generate About Icon */,
				0B5B57A32F33F2C8005DCCA8 /* Sources */,
				0B5B57A42F33F2C8005DCCA8 /* Frameworks */,
				0B5B57A52F33F2C8005DCCA8 /* Resources */,
				0B91F2DC2F36A2FD003F33AC /* Embed Foundation Extensions */,
			);
			buildRules = (
			);
			dependencies = (
				0B91F2D62F36A2FD003F33AC /* PBXTargetDependency */,
			);
			fileSystemSynchronizedGroups = (
				0B5B57A92F33F2C8005DCCA8 /* kartonche */,
			);
			name = kartonche;
			packageProductDependencies = (
			);
			productName = kartonche;
			productReference = 0B5B57A72F33F2C8005DCCA8 /* kartonche.app */;
			productType = "com.apple.product-type.application";
		};
		0B5B57B52F33F2C9005DCCA8 /* kartoncheTests */ = {
			isa = PBXNativeTarget;
			buildConfigurationList = 0B5B57CD2F33F2C9005DCCA8 /* Build configuration list for PBXNativeTarget "kartoncheTests" */;
			buildPhases = (
				0B5B57B22F33F2C9005DCCA8 /* Sources */,
				0B5B57B32F33F2C9005DCCA8 /* Frameworks */,
				0B5B57B42F33F2C9005DCCA8 /* Resources */,
			);
			buildRules = (
			);
			dependencies = (
				0B5B57B82F33F2C9005DCCA8 /* PBXTargetDependency */,
			);
			fileSystemSynchronizedGroups = (
				0B5B57B92F33F2C9005DCCA8 /* kartoncheTests */,
			);
			name = kartoncheTests;
			packageProductDependencies = (
			);
			productName = kartoncheTests;
			productReference = 0B5B57B62F33F2C9005DCCA8 /* kartoncheTests.xctest */;
			productType = "com.apple.product-type.bundle.unit-test";
		};
		0B5B57BF2F33F2C9005DCCA8 /* kartoncheUITests */ = {
			isa = PBXNativeTarget;
			buildConfigurationList = 0B5B57D02F33F2C9005DCCA8 /* Build configuration list for PBXNativeTarget "kartoncheUITests" */;
			buildPhases = (
				0B5B57BC2F33F2C9005DCCA8 /* Sources */,
				0B5B57BD2F33F2C9005DCCA8 /* Frameworks */,
				0B5B57BE2F33F2C9005DCCA8 /* Resources */,
			);
			buildRules = (
			);
			dependencies = (
				0B5B57C22F33F2C9005DCCA8 /* PBXTargetDependency */,
			);
			fileSystemSynchronizedGroups = (
				0B5B57C32F33F2C9005DCCA8 /* kartoncheUITests */,
			);
			name = kartoncheUITests;
			packageProductDependencies = (
			);
			productName = kartoncheUITests;
			productReference = 0B5B57C02F33F2C9005DCCA8 /* kartoncheUITests.xctest */;
			productType = "com.apple.product-type.bundle.ui-testing";
		};
		0B91F2C02F36A2FC003F33AC /* kartoncheWidgetExtension */ = {
			isa = PBXNativeTarget;
			buildConfigurationList = 0B91F2D92F36A2FD003F33AC /* Build configuration list for PBXNativeTarget "kartoncheWidgetExtension" */;
			buildPhases = (
				0B91F2BD2F36A2FC003F33AC /* Sources */,
				0B91F2BE2F36A2FC003F33AC /* Frameworks */,
				0B91F2BF2F36A2FC003F33AC /* Resources */,
			);
			buildRules = (
			);
			dependencies = (
			);
			fileSystemSynchronizedGroups = (
				0B91F2C72F36A2FC003F33AC /* kartoncheWidget */,
			);
			name = kartoncheWidgetExtension;
			packageProductDependencies = (
			);
			productName = kartoncheWidgetExtension;
			productReference = 0B91F2C12F36A2FC003F33AC /* kartoncheWidgetExtension.appex */;
			productType = "com.apple.product-type.app-extension";
		};
/* End PBXNativeTarget section */

/* Begin PBXProject section */
		0B5B579F2F33F2C8005DCCA8 /* Project object */ = {
			isa = PBXProject;
			attributes = {
				BuildIndependentTargetsInParallel = 1;
				LastSwiftUpdateCheck = 2620;
				LastUpgradeCheck = 2620;
				TargetAttributes = {
					0B5B57A62F33F2C8005DCCA8 = {
						CreatedOnToolsVersion = 26.2;
					};
					0B5B57B52F33F2C9005DCCA8 = {
						CreatedOnToolsVersion = 26.2;
						TestTargetID = 0B5B57A62F33F2C8005DCCA8;
					};
					0B5B57BF2F33F2C9005DCCA8 = {
						CreatedOnToolsVersion = 26.2;
						TestTargetID = 0B5B57A62F33F2C8005DCCA8;
					};
					0B91F2C02F36A2FC003F33AC = {
						CreatedOnToolsVersion = 26.2;
					};
				};
			};
			buildConfigurationList = 0B5B57A22F33F2C8005DCCA8 /* Build configuration list for PBXProject "kartonche" */;
			developmentRegion = en;
			hasScannedForEncodings = 0;
			knownRegions = (
				en,
				Base,
				bg,
			);
			mainGroup = 0B5B579E2F33F2C8005DCCA8;
			minimizedProjectReferenceProxies = 1;
			preferredProjectObjectVersion = 77;
			productRefGroup = 0B5B57A82F33F2C8005DCCA8 /* Products */;
			projectDirPath = "";
			projectRoot = "";
			targets = (
				0B5B57A62F33F2C8005DCCA8 /* kartonche */,
				0B5B57B52F33F2C9005DCCA8 /* kartoncheTests */,
				0B5B57BF2F33F2C9005DCCA8 /* kartoncheUITests */,
				0B91F2C02F36A2FC003F33AC /* kartoncheWidgetExtension */,
			);
		};
/* End PBXProject section */

/* Begin PBXResourcesBuildPhase section */
		0B5B57A52F33F2C8005DCCA8 /* Resources */ = {
			isa = PBXResourcesBuildPhase;
			buildActionMask = 2147483647;
			files = (
			);
			runOnlyForDeploymentPostprocessing = 0;
		};
		0B5B57B42F33F2C9005DCCA8 /* Resources */ = {
			isa = PBXResourcesBuildPhase;
			buildActionMask = 2147483647;
			files = (
			);
			runOnlyForDeploymentPostprocessing = 0;
		};
		0B5B57BE2F33F2C9005DCCA8 /* Resources */ = {
			isa = PBXResourcesBuildPhase;
			buildActionMask = 2147483647;
			files = (
			);
			runOnlyForDeploymentPostprocessing = 0;
		};
		0B91F2BF2F36A2FC003F33AC /* Resources */ = {
			isa = PBXResourcesBuildPhase;
			buildActionMask = 2147483647;
			files = (
			);
			runOnlyForDeploymentPostprocessing = 0;
		};
/* End PBXResourcesBuildPhase section */

/* Begin PBXShellScriptBuildPhase section */
		CACFCB9B26AE4452B717DF51 /* Generate Merchant Templates */ = {
			isa = PBXShellScriptBuildPhase;
			alwaysOutOfDate = 1;
			buildActionMask = 2147483647;
			files = (
			);
			inputFileListPaths = (
			);
			inputPaths = (
				"$(SRCROOT)/Scripts/generate-merchant-templates.sh",
				"$(SRCROOT)/Merchants/merchants.kdl",
			);
			name = "Generate Merchant Templates";
			outputFileListPaths = (
			);
			outputPaths = (
				"$(SRCROOT)/kartonche/Generated/MerchantTemplates.swift",
			);
			runOnlyForDeploymentPostprocessing = 0;
			shellPath = /bin/bash;
			shellScript = "source \"${SRCROOT}/Scripts/generate-merchant-templates.sh\"\n";
		};
		EF209ABCBA474E908D645E7E /* Generate About Icon */ = {
			isa = PBXShellScriptBuildPhase;
			alwaysOutOfDate = 1;
			buildActionMask = 2147483647;
			files = (
			);
			inputFileListPaths = (
			);
			inputPaths = (
				"$(SRCROOT)/Scripts/generate-about-icon.sh",
				"$(SRCROOT)/kartonche/AppIcon.icon/Assets/0_background.svg",
				"$(SRCROOT)/kartonche/AppIcon.icon/Assets/1_orange_card.svg",
				"$(SRCROOT)/kartonche/AppIcon.icon/Assets/2_blue_card.svg",
			);
			name = "Generate About Icon";
			outputFileListPaths = (
			);
			outputPaths = (
				"$(SRCROOT)/kartonche/Assets.xcassets/AboutIcon.imageset/AboutIcon.png",
			);
			runOnlyForDeploymentPostprocessing = 0;
			shellPath = /bin/bash;
			shellScript = "source \"${SRCROOT}/Scripts/generate-about-icon.sh\"\n";
		};
/* End PBXShellScriptBuildPhase section */

/* Begin PBXSourcesBuildPhase section */
		0B5B57A32F33F2C8005DCCA8 /* Sources */ = {
			isa = PBXSourcesBuildPhase;
			buildActionMask = 2147483647;
			files = (
			);
			runOnlyForDeploymentPostprocessing = 0;
		};
		0B5B57B22F33F2C9005DCCA8 /* Sources */ = {
			isa = PBXSourcesBuildPhase;
			buildActionMask = 2147483647;
			files = (
			);
			runOnlyForDeploymentPostprocessing = 0;
		};
		0B5B57BC2F33F2C9005DCCA8 /* Sources */ = {
			isa = PBXSourcesBuildPhase;
			buildActionMask = 2147483647;
			files = (
			);
			runOnlyForDeploymentPostprocessing = 0;
		};
		0B91F2BD2F36A2FC003F33AC /* Sources */ = {
			isa = PBXSourcesBuildPhase;
			buildActionMask = 2147483647;
			files = (
			);
			runOnlyForDeploymentPostprocessing = 0;
		};
/* End PBXSourcesBuildPhase section */

/* Begin PBXTargetDependency section */
		0B5B57B82F33F2C9005DCCA8 /* PBXTargetDependency */ = {
			isa = PBXTargetDependency;
			target = 0B5B57A62F33F2C8005DCCA8 /* kartonche */;
			targetProxy = 0B5B57B72F33F2C9005DCCA8 /* PBXContainerItemProxy */;
		};
		0B5B57C22F33F2C9005DCCA8 /* PBXTargetDependency */ = {
			isa = PBXTargetDependency;
			target = 0B5B57A62F33F2C8005DCCA8 /* kartonche */;
			targetProxy = 0B5B57C12F33F2C9005DCCA8 /* PBXContainerItemProxy */;
		};
		0B91F2D62F36A2FD003F33AC /* PBXTargetDependency */ = {
			isa = PBXTargetDependency;
			target = 0B91F2C02F36A2FC003F33AC /* kartoncheWidgetExtension */;
			targetProxy = 0B91F2D52F36A2FD003F33AC /* PBXContainerItemProxy */;
		};
/* End PBXTargetDependency section */

/* Begin XCBuildConfiguration section */
		0B5B57C82F33F2C9005DCCA8 /* Debug */ = {
			isa = XCBuildConfiguration;
			buildSettings = {
				ALWAYS_SEARCH_USER_PATHS = NO;
				ASSETCATALOG_COMPILER_GENERATE_SWIFT_ASSET_SYMBOL_EXTENSIONS = YES;
				CLANG_ANALYZER_NONNULL = YES;
				CLANG_ANALYZER_NUMBER_OBJECT_CONVERSION = YES_AGGRESSIVE;
				CLANG_CXX_LANGUAGE_STANDARD = "gnu++20";
				CLANG_ENABLE_MODULES = YES;
				CLANG_ENABLE_OBJC_ARC = YES;
				CLANG_ENABLE_OBJC_WEAK = YES;
				CLANG_WARN_BLOCK_CAPTURE_AUTORELEASING = YES;
				CLANG_WARN_BOOL_CONVERSION = YES;
				CLANG_WARN_COMMA = YES;
				CLANG_WARN_CONSTANT_CONVERSION = YES;
				CLANG_WARN_DEPRECATED_OBJC_IMPLEMENTATIONS = YES;
				CLANG_WARN_DIRECT_OBJC_ISA_USAGE = YES_ERROR;
				CLANG_WARN_DOCUMENTATION_COMMENTS = YES;
				CLANG_WARN_EMPTY_BODY = YES;
				CLANG_WARN_ENUM_CONVERSION = YES;
				CLANG_WARN_INFINITE_RECURSION = YES;
				CLANG_WARN_INT_CONVERSION = YES;
				CLANG_WARN_NON_LITERAL_NULL_CONVERSION = YES;
				CLANG_WARN_OBJC_IMPLICIT_RETAIN_SELF = YES;
				CLANG_WARN_OBJC_LITERAL_CONVERSION = YES;
				CLANG_WARN_OBJC_ROOT_CLASS = YES_ERROR;
				CLANG_WARN_QUOTED_INCLUDE_IN_FRAMEWORK_HEADER = YES;
				CLANG_WARN_RANGE_LOOP_ANALYSIS = YES;
				CLANG_WARN_STRICT_PROTOTYPES = YES;
				CLANG_WARN_SUSPICIOUS_MOVE = YES;
				CLANG_WARN_UNGUARDED_AVAILABILITY = YES_AGGRESSIVE;
				CLANG_WARN_UNREACHABLE_CODE = YES;
				CLANG_WARN__DUPLICATE_METHOD_MATCH = YES;
				COPY_PHASE_STRIP = NO;
				DEBUG_INFORMATION_FORMAT = dwarf;
				ENABLE_STRICT_OBJC_MSGSEND = YES;
				ENABLE_TESTABILITY = YES;
				ENABLE_USER_SCRIPT_SANDBOXING = YES;
				GCC_C_LANGUAGE_STANDARD = gnu17;
				GCC_DYNAMIC_NO_PIC = NO;
				GCC_NO_COMMON_BLOCKS = YES;
				GCC_OPTIMIZATION_LEVEL = 0;
				GCC_PREPROCESSOR_DEFINITIONS = (
					"DEBUG=1",
					"$(inherited)",
				);
				GCC_WARN_64_TO_32_BIT_CONVERSION = YES;
				GCC_WARN_ABOUT_RETURN_TYPE = YES_ERROR;
				GCC_WARN_UNDECLARED_SELECTOR = YES;
				GCC_WARN_UNINITIALIZED_AUTOS = YES_AGGRESSIVE;
				GCC_WARN_UNUSED_FUNCTION = YES;
				GCC_WARN_UNUSED_VARIABLE = YES;
				IPHONEOS_DEPLOYMENT_TARGET = 26.2;
				LOCALIZATION_PREFERS_STRING_CATALOGS = YES;
				MTL_ENABLE_DEBUG_INFO = INCLUDE_SOURCE;
				MTL_FAST_MATH = YES;
				ONLY_ACTIVE_ARCH = YES;
				SDKROOT = iphoneos;
				SWIFT_ACTIVE_COMPILATION_CONDITIONS = "DEBUG $(inherited)";
				SWIFT_OPTIMIZATION_LEVEL = "-Onone";
			};
			name = Debug;
		};
		0B5B57C92F33F2C9005DCCA8 /* Release */ = {
			isa = XCBuildConfiguration;
			buildSettings = {
				ALWAYS_SEARCH_USER_PATHS = NO;
				ASSETCATALOG_COMPILER_GENERATE_SWIFT_ASSET_SYMBOL_EXTENSIONS = YES;
				CLANG_ANALYZER_NONNULL = YES;
				CLANG_ANALYZER_NUMBER_OBJECT_CONVERSION = YES_AGGRESSIVE;
				CLANG_CXX_LANGUAGE_STANDARD = "gnu++20";
				CLANG_ENABLE_MODULES = YES;
				CLANG_ENABLE_OBJC_ARC = YES;
				CLANG_ENABLE_OBJC_WEAK = YES;
				CLANG_WARN_BLOCK_CAPTURE_AUTORELEASING = YES;
				CLANG_WARN_BOOL_CONVERSION = YES;
				CLANG_WARN_COMMA = YES;
				CLANG_WARN_CONSTANT_CONVERSION = YES;
				CLANG_WARN_DEPRECATED_OBJC_IMPLEMENTATIONS = YES;
				CLANG_WARN_DIRECT_OBJC_ISA_USAGE = YES_ERROR;
				CLANG_WARN_DOCUMENTATION_COMMENTS = YES;
				CLANG_WARN_EMPTY_BODY = YES;
				CLANG_WARN_ENUM_CONVERSION = YES;
				CLANG_WARN_INFINITE_RECURSION = YES;
				CLANG_WARN_INT_CONVERSION = YES;
				CLANG_WARN_NON_LITERAL_NULL_CONVERSION = YES;
				CLANG_WARN_OBJC_IMPLICIT_RETAIN_SELF = YES;
				CLANG_WARN_OBJC_LITERAL_CONVERSION = YES;
				CLANG_WARN_OBJC_ROOT_CLASS = YES_ERROR;
				CLANG_WARN_QUOTED_INCLUDE_IN_FRAMEWORK_HEADER = YES;
				CLANG_WARN_RANGE_LOOP_ANALYSIS = YES;
				CLANG_WARN_STRICT_PROTOTYPES = YES;
				CLANG_WARN_SUSPICIOUS_MOVE = YES;
				CLANG_WARN_UNGUARDED_AVAILABILITY = YES_AGGRESSIVE;
				CLANG_WARN_UNREACHABLE_CODE = YES;
				CLANG_WARN__DUPLICATE_METHOD_MATCH = YES;
				COPY_PHASE_STRIP = NO;
				DEBUG_INFORMATION_FORMAT = "dwarf-with-dsym";
				ENABLE_NS_ASSERTIONS = NO;
				ENABLE_STRICT_OBJC_MSGSEND = YES;
				ENABLE_USER_SCRIPT_SANDBOXING = YES;
				GCC_C_LANGUAGE_STANDARD = gnu17;
				GCC_NO_COMMON_BLOCKS = YES;
				GCC_WARN_64_TO_32_BIT_CONVERSION = YES;
				GCC_WARN_ABOUT_RETURN_TYPE = YES_ERROR;
				GCC_WARN_UNDECLARED_SELECTOR = YES;
				GCC_WARN_UNINITIALIZED_AUTOS = YES_AGGRESSIVE;
				GCC_WARN_UNUSED_FUNCTION = YES;
				GCC_WARN_UNUSED_VARIABLE = YES;
				IPHONEOS_DEPLOYMENT_TARGET = 26.2;
				LOCALIZATION_PREFERS_STRING_CATALOGS = YES;
				MTL_ENABLE_DEBUG_INFO = NO;
				MTL_FAST_MATH = YES;
				SDKROOT = iphoneos;
				SWIFT_COMPILATION_MODE = wholemodule;
				VALIDATE_PRODUCT = YES;
			};
			name = Release;
		};
		0B5B57CB2F33F2C9005DCCA8 /* Debug */ = {
			isa = XCBuildConfiguration;
			buildSettings = {
				ASSETCATALOG_COMPILER_APPICON_NAME = AppIcon;
				ASSETCATALOG_COMPILER_GLOBAL_ACCENT_COLOR_NAME = AccentColor;
				CODE_SIGN_ENTITLEMENTS = kartonche/kartonche.entitlements;
				CODE_SIGN_STYLE = Automatic;
				CURRENT_PROJECT_VERSION = 1;
				DEVELOPMENT_TEAM = 55YA5S73Z7;
				ENABLE_PREVIEWS = YES;
				GENERATE_INFOPLIST_FILE = YES;
				INFOPLIST_FILE = kartonche/Info.plist;
				INFOPLIST_KEY_CFBundleDisplayName = Kartonche;
				INFOPLIST_KEY_LSApplicationCategoryType = "public.app-category.lifestyle";
				INFOPLIST_KEY_NSCameraUsageDescription = "Камерата се използва за сканиране на баркодове от вашите клубни карти.";
				INFOPLIST_KEY_NSLocationAlwaysAndWhenInUseUsageDescription = "Местоположението се използва постоянно за показване на близки клубни карти в джаджи дори когато приложението е затворено.";
				INFOPLIST_KEY_NSLocationWhenInUseUsageDescription = "Местоположението се използва за показване на близки клубни карти.";
				INFOPLIST_KEY_NSPhotoLibraryUsageDescription = "Достъпът до снимките се използва за сканиране на баркодове от снимки.";
				INFOPLIST_KEY_UIApplicationSceneManifest_Generation = YES;
				INFOPLIST_KEY_UIApplicationSupportsIndirectInputEvents = YES;
				INFOPLIST_KEY_UILaunchScreen_Generation = YES;
				INFOPLIST_KEY_UISupportedInterfaceOrientations_iPad = "UIInterfaceOrientationPortrait UIInterfaceOrientationPortraitUpsideDown UIInterfaceOrientationLandscapeLeft UIInterfaceOrientationLandscapeRight";
				INFOPLIST_KEY_UISupportedInterfaceOrientations_iPhone = "UIInterfaceOrientationPortrait UIInterfaceOrientationLandscapeLeft UIInterfaceOrientationLandscapeRight";
				LD_RUNPATH_SEARCH_PATHS = (
					"$(inherited)",
					"@executable_path/Frameworks",
				);
				MARKETING_VERSION = 2026.02.5;
				PRODUCT_BUNDLE_IDENTIFIER = com.zbrox.kartonche;
				PRODUCT_NAME = "$(TARGET_NAME)";
				STRING_CATALOG_GENERATE_SYMBOLS = YES;
				SUPPORTED_PLATFORMS = "iphoneos iphonesimulator";
				SUPPORTS_MACCATALYST = NO;
				SUPPORTS_MAC_DESIGNED_FOR_IPHONE_IPAD = NO;
				SUPPORTS_XR_DESIGNED_FOR_IPHONE_IPAD = NO;
				SWIFT_APPROACHABLE_CONCURRENCY = YES;
				SWIFT_DEFAULT_ACTOR_ISOLATION = MainActor;
				SWIFT_EMIT_LOC_STRINGS = YES;
				SWIFT_UPCOMING_FEATURE_MEMBER_IMPORT_VISIBILITY = YES;
				SWIFT_VERSION = 5.0;
				TARGETED_DEVICE_FAMILY = 1;
			};
			name = Debug;
		};
		0B5B57CC2F33F2C9005DCCA8 /* Release */ = {
			isa = XCBuildConfiguration;
			buildSettings = {
				ASSETCATALOG_COMPILER_APPICON_NAME = AppIcon;
				ASSETCATALOG_COMPILER_GLOBAL_ACCENT_COLOR_NAME = AccentColor;
				CODE_SIGN_ENTITLEMENTS = kartonche/kartonche.entitlements;
				CODE_SIGN_STYLE = Automatic;
				CURRENT_PROJECT_VERSION = 1;
				DEVELOPMENT_TEAM = 55YA5S73Z7;
				ENABLE_PREVIEWS = YES;
				GENERATE_INFOPLIST_FILE = YES;
				INFOPLIST_FILE = kartonche/Info.plist;
				INFOPLIST_KEY_CFBundleDisplayName = Kartonche;
				INFOPLIST_KEY_LSApplicationCategoryType = "public.app-category.lifestyle";
				INFOPLIST_KEY_NSCameraUsageDescription = "Камерата се използва за сканиране на баркодове от вашите клубни карти.";
				INFOPLIST_KEY_NSLocationAlwaysAndWhenInUseUsageDescription = "Местоположението се използва постоянно за показване на близки клубни карти в джаджи дори когато приложението е затворено.";
				INFOPLIST_KEY_NSLocationWhenInUseUsageDescription = "Местоположението се използва за показване на близки клубни карти.";
				INFOPLIST_KEY_NSPhotoLibraryUsageDescription = "Достъпът до снимките се използва за сканиране на баркодове от снимки.";
				INFOPLIST_KEY_UIApplicationSceneManifest_Generation = YES;
				INFOPLIST_KEY_UIApplicationSupportsIndirectInputEvents = YES;
				INFOPLIST_KEY_UILaunchScreen_Generation = YES;
				INFOPLIST_KEY_UISupportedInterfaceOrientations_iPad = "UIInterfaceOrientationPortrait UIInterfaceOrientationPortraitUpsideDown UIInterfaceOrientationLandscapeLeft UIInterfaceOrientationLandscapeRight";
				INFOPLIST_KEY_UISupportedInterfaceOrientations_iPhone = "UIInterfaceOrientationPortrait UIInterfaceOrientationLandscapeLeft UIInterfaceOrientationLandscapeRight";
				LD_RUNPATH_SEARCH_PATHS = (
					"$(inherited)",
					"@executable_path/Frameworks",
				);
				MARKETING_VERSION = 2026.02.5;
				PRODUCT_BUNDLE_IDENTIFIER = com.zbrox.kartonche;
				PRODUCT_NAME = "$(TARGET_NAME)";
				STRING_CATALOG_GENERATE_SYMBOLS = YES;
				SUPPORTED_PLATFORMS = "iphoneos iphonesimulator";
				SUPPORTS_MACCATALYST = NO;
				SUPPORTS_MAC_DESIGNED_FOR_IPHONE_IPAD = NO;
				SUPPORTS_XR_DESIGNED_FOR_IPHONE_IPAD = NO;
				SWIFT_APPROACHABLE_CONCURRENCY = YES;
				SWIFT_DEFAULT_ACTOR_ISOLATION = MainActor;
				SWIFT_EMIT_LOC_STRINGS = YES;
				SWIFT_UPCOMING_FEATURE_MEMBER_IMPORT_VISIBILITY = YES;
				SWIFT_VERSION = 5.0;
				TARGETED_DEVICE_FAMILY = 1;
			};
			name = Release;
		};
		0B5B57CE2F33F2C9005DCCA8 /* Debug */ = {
			isa = XCBuildConfiguration;
			buildSettings = {
				BUNDLE_LOADER = "$(TEST_HOST)";
				CODE_SIGN_STYLE = Automatic;
				CURRENT_PROJECT_VERSION = 1;
				GENERATE_INFOPLIST_FILE = YES;
				IPHONEOS_DEPLOYMENT_TARGET = 26.2;
				MARKETING_VERSION = 2026.02.5;
				PRODUCT_BUNDLE_IDENTIFIER = com.zbrox.kartoncheTests;
				PRODUCT_NAME = "$(TARGET_NAME)";
				STRING_CATALOG_GENERATE_SYMBOLS = NO;
				SWIFT_APPROACHABLE_CONCURRENCY = YES;
				SWIFT_EMIT_LOC_STRINGS = NO;
				SWIFT_UPCOMING_FEATURE_MEMBER_IMPORT_VISIBILITY = YES;
				SWIFT_VERSION = 5.0;
				TARGETED_DEVICE_FAMILY = 1;
				TEST_HOST = "$(BUILT_PRODUCTS_DIR)/kartonche.app/$(BUNDLE_EXECUTABLE_FOLDER_PATH)/kartonche";
			};
			name = Debug;
		};
		0B5B57CF2F33F2C9005DCCA8 /* Release */ = {
			isa = XCBuildConfiguration;
			buildSettings = {
				BUNDLE_LOADER = "$(TEST_HOST)";
				CODE_SIGN_STYLE = Automatic;
				CURRENT_PROJECT_VERSION = 1;
				GENERATE_INFOPLIST_FILE = YES;
				IPHONEOS_DEPLOYMENT_TARGET = 26.2;
				MARKETING_VERSION = 2026.02.5;
				PRODUCT_BUNDLE_IDENTIFIER = com.zbrox.kartoncheTests;
				PRODUCT_NAME = "$(TARGET_NAME)";
				STRING_CATALOG_GENERATE_SYMBOLS = NO;
				SWIFT_APPROACHABLE_CONCURRENCY = YES;
				SWIFT_EMIT_LOC_STRINGS = NO;
				SWIFT_UPCOMING_FEATURE_MEMBER_IMPORT_VISIBILITY = YES;
				SWIFT_VERSION = 5.0;
				TARGETED_DEVICE_FAMILY = 1;
				TEST_HOST = "$(BUILT_PRODUCTS_DIR)/kartonche.app/$(BUNDLE_EXECUTABLE_FOLDER_PATH)/kartonche";
			};
			name = Release;
		};
		0B5B57D12F33F2C9005DCCA8 /* Debug */ = {
			isa = XCBuildConfiguration;
			buildSettings = {
				CODE_SIGN_STYLE = Automatic;
				CURRENT_PROJECT_VERSION = 1;
				GENERATE_INFOPLIST_FILE = YES;
				MARKETING_VERSION = 2026.02.5;
				PRODUCT_BUNDLE_IDENTIFIER = com.zbrox.kartoncheUITests;
				PRODUCT_NAME = "$(TARGET_NAME)";
				STRING_CATALOG_GENERATE_SYMBOLS = NO;
				SWIFT_APPROACHABLE_CONCURRENCY = YES;
				SWIFT_EMIT_LOC_STRINGS = NO;
				SWIFT_UPCOMING_FEATURE_MEMBER_IMPORT_VISIBILITY = YES;
				SWIFT_VERSION = 5.0;
				TARGETED_DEVICE_FAMILY = 1;
				TEST_TARGET_NAME = kartonche;
			};
			name = Debug;
		};
		0B5B57D22F33F2C9005DCCA8 /* Release */ = {
			isa = XCBuildConfiguration;
			buildSettings = {
				CODE_SIGN_STYLE = Automatic;
				CURRENT_PROJECT_VERSION = 1;
				GENERATE_INFOPLIST_FILE = YES;
				MARKETING_VERSION = 2026.02.5;
				PRODUCT_BUNDLE_IDENTIFIER = com.zbrox.kartoncheUITests;
				PRODUCT_NAME = "$(TARGET_NAME)";
				STRING_CATALOG_GENERATE_SYMBOLS = NO;
				SWIFT_APPROACHABLE_CONCURRENCY = YES;
				SWIFT_EMIT_LOC_STRINGS = NO;
				SWIFT_UPCOMING_FEATURE_MEMBER_IMPORT_VISIBILITY = YES;
				SWIFT_VERSION = 5.0;
				TARGETED_DEVICE_FAMILY = 1;
				TEST_TARGET_NAME = kartonche;
			};
			name = Release;
		};
		0B91F2DA2F36A2FD003F33AC /* Debug */ = {
			isa = XCBuildConfiguration;
			buildSettings = {
				ASSETCATALOG_COMPILER_GLOBAL_ACCENT_COLOR_NAME = AccentColor;
				ASSETCATALOG_COMPILER_WIDGET_BACKGROUND_COLOR_NAME = WidgetBackground;
				CODE_SIGN_ENTITLEMENTS = kartoncheWidgetExtension.entitlements;
				CODE_SIGN_STYLE = Automatic;
				CURRENT_PROJECT_VERSION = 1;
				DEVELOPMENT_TEAM = 55YA5S73Z7;
				GENERATE_INFOPLIST_FILE = YES;
				INFOPLIST_FILE = kartoncheWidget/Info.plist;
				INFOPLIST_KEY_CFBundleDisplayName = kartoncheWidget;
				INFOPLIST_KEY_NSHumanReadableCopyright = "";
				LD_RUNPATH_SEARCH_PATHS = (
					"$(inherited)",
					"@executable_path/Frameworks",
					"@executable_path/../../Frameworks",
				);
				MARKETING_VERSION = 2026.02.5;
				PRODUCT_BUNDLE_IDENTIFIER = com.zbrox.kartonche.kartoncheWidget;
				PRODUCT_NAME = "$(TARGET_NAME)";
				SKIP_INSTALL = YES;
				STRING_CATALOG_GENERATE_SYMBOLS = YES;
				SWIFT_APPROACHABLE_CONCURRENCY = YES;
				SWIFT_EMIT_LOC_STRINGS = YES;
				SWIFT_UPCOMING_FEATURE_MEMBER_IMPORT_VISIBILITY = YES;
				SWIFT_VERSION = 5.0;
				TARGETED_DEVICE_FAMILY = 1;
			};
			name = Debug;
		};
		0B91F2DB2F36A2FD003F33AC /* Release */ = {
			isa = XCBuildConfiguration;
			buildSettings = {
				ASSETCATALOG_COMPILER_GLOBAL_ACCENT_COLOR_NAME = AccentColor;
				ASSETCATALOG_COMPILER_WIDGET_BACKGROUND_COLOR_NAME = WidgetBackground;
				CODE_SIGN_ENTITLEMENTS = kartoncheWidgetExtension.entitlements;
				CODE_SIGN_STYLE = Automatic;
				CURRENT_PROJECT_VERSION = 1;
				DEVELOPMENT_TEAM = 55YA5S73Z7;
				GENERATE_INFOPLIST_FILE = YES;
				INFOPLIST_FILE = kartoncheWidget/Info.plist;
				INFOPLIST_KEY_CFBundleDisplayName = kartoncheWidget;
				INFOPLIST_KEY_NSHumanReadableCopyright = "";
				LD_RUNPATH_SEARCH_PATHS = (
					"$(inherited)",
					"@executable_path/Frameworks",
					"@executable_path/../../Frameworks",
				);
				MARKETING_VERSION = 2026.02.5;
				PRODUCT_BUNDLE_IDENTIFIER = com.zbrox.kartonche.kartoncheWidget;
				PRODUCT_NAME = "$(TARGET_NAME)";
				SKIP_INSTALL = YES;
				STRING_CATALOG_GENERATE_SYMBOLS = YES;
				SWIFT_APPROACHABLE_CONCURRENCY = YES;
				SWIFT_EMIT_LOC_STRINGS = YES;
				SWIFT_UPCOMING_FEATURE_MEMBER_IMPORT_VISIBILITY = YES;
				SWIFT_VERSION = 5.0;
				TARGETED_DEVICE_FAMILY = 1;
			};
			name = Release;
		};
/* End XCBuildConfiguration section */

/* Begin XCConfigurationList section */
		0B5B57A22F33F2C8005DCCA8 /* Build configuration list for PBXProject "kartonche" */ = {
			isa = XCConfigurationList;
			buildConfigurations = (
				0B5B57C82F33F2C9005DCCA8 /* Debug */,
				0B5B57C92F33F2C9005DCCA8 /* Release */,
			);
			defaultConfigurationIsVisible = 0;
			defaultConfigurationName = Release;
		};
		0B5B57CA2F33F2C9005DCCA8 /* Build configuration list for PBXNativeTarget "kartonche" */ = {
			isa = XCConfigurationList;
			buildConfigurations = (
				0B5B57CB2F33F2C9005DCCA8 /* Debug */,
				0B5B57CC2F33F2C9005DCCA8 /* Release */,
			);
			defaultConfigurationIsVisible = 0;
			defaultConfigurationName = Release;
		};
		0B5B57CD2F33F2C9005DCCA8 /* Build configuration list for PBXNativeTarget "kartoncheTests" */ = {
			isa = XCConfigurationList;
			buildConfigurations = (
				0B5B57CE2F33F2C9005DCCA8 /* Debug */,
				0B5B57CF2F33F2C9005DCCA8 /* Release */,
			);
			defaultConfigurationIsVisible = 0;
			defaultConfigurationName = Release;
		};
		0B5B57D02F33F2C9005DCCA8 /* Build configuration list for PBXNativeTarget "kartoncheUITests" */ = {
			isa = XCConfigurationList;
			buildConfigurations = (
				0B5B57D12F33F2C9005DCCA8 /* Debug */,
				0B5B57D22F33F2C9005DCCA8 /* Release */,
			);
			defaultConfigurationIsVisible = 0;
			defaultConfigurationName = Release;
		};
		0B91F2D92F36A2FD003F33AC /* Build configuration list for PBXNativeTarget "kartoncheWidgetExtension" */ = {
			isa = XCConfigurationList;
			buildConfigurations = (
				0B91F2DA2F36A2FD003F33AC /* Debug */,
				0B91F2DB2F36A2FD003F33AC /* Release */,
			);
			defaultConfigurationIsVisible = 0;
			defaultConfigurationName = Release;
		};
/* End XCConfigurationList section */
	};
	rootObject = 0B5B579F2F33F2C8005DCCA8 /* Project object */;
}
